
Microsoft Visual Studio Solution File, Format Version 12.00
# Visual Studio Version 16
VisualStudioVersion = 16.0.30711.63
MinimumVisualStudioVersion = 10.0.40219.1
Project("{8BC9CEB8-8B4A-11D0-8D11-00A0C91BC942}") = "DxLib_CPP_ForVS2019", "DxLib_CPP_ForVS2019.vcxproj", "{20024952-3D7F-4B85-B540-C4433496857C}"
EndProject
Global
	GlobalSection(SolutionConfigurationPlatforms) = preSolution
		Debug|x64 = Debug|x64
		Debug|x86 = Debug|x86
		Release|x64 = Release|x64
		Release|x86 = Release|x86
	EndGlobalSection
	GlobalSection(ProjectConfigurationPlatforms) = postSolution
		{20024952-3D7F-4B85-B540-C4433496857C}.Debug|x64.ActiveCfg = Debug|x64
		{20024952-3D7F-4B85-B540-C4433496857C}.Debug|x64.Build.0 = Debug|x64
		{20024952-3D7F-4B85-B540-C4433496857C}.Debug|x86.ActiveCfg = Debug|Win32
		{20024952-3D7F-4B85-B540-C4433496857C}.Debug|x86.Build.0 = Debug|Win32
		{20024952-3D7F-4B85-B540-C4433496857C}.Release|x64.ActiveCfg = Release|x64
		{20024952-3D7F-4B85-B540-C4433496857C}.Release|x64.Build.0 = Release|x64
		{20024952-3D7F-4B85-B540-C4433496857C}.Release|x86.ActiveCfg = Release|Win32
		{20024952-3D7F-4B85-B540-C4433496857C}.Release|x86.Build.0 = Release|Win32
	EndGlobalSection
	GlobalSection(SolutionProperties) = preSolution
		HideSolutionNode = FALSE
	EndGlobalSection
	GlobalSection(ExtensibilityGlobals) = postSolution
		SolutionGuid = {33F638E5-E939-4C7D-B3CD-6E3EB9756480}
	EndGlobalSection
EndGlobal
